
Microsoft Visual Studio Solution File, Format Version 12.00
# Visual Studio Version 17
VisualStudioVersion = 17.8.34511.84
MinimumVisualStudioVersion = 10.0.40219.1
Project("{FAE04EC0-301F-11D3-BF4B-00C04F79EFBC}") = "SpaceXLaunches", "SpaceXLaunches\SpaceXLaunches.csproj", "{B1559783-214B-4A1C-A6F7-82BE3D832A8E}"
EndProject
Global
	GlobalSection(SolutionConfigurationPlatforms) = preSolution
		Debug|Any CPU = Debug|Any CPU
		Release|Any CPU = Release|Any CPU
	EndGlobalSection
	GlobalSection(ProjectConfigurationPlatforms) = postSolution
		{B1559783-214B-4A1C-A6F7-82BE3D832A8E}.Debug|Any CPU.ActiveCfg = Debug|Any CPU
		{B1559783-214B-4A1C-A6F7-82BE3D832A8E}.Debug|Any CPU.Build.0 = Debug|Any CPU
		{B1559783-214B-4A1C-A6F7-82BE3D832A8E}.Release|Any CPU.ActiveCfg = Release|Any CPU
		{B1559783-214B-4A1C-A6F7-82BE3D832A8E}.Release|Any CPU.Build.0 = Release|Any CPU
	EndGlobalSection
	GlobalSection(SolutionProperties) = preSolution
		HideSolutionNode = FALSE
	EndGlobalSection
	GlobalSection(ExtensibilityGlobals) = postSolution
		SolutionGuid = {121D6063-8FBD-468D-ABD8-8DB3F9CAD883}
	EndGlobalSection
EndGlobal
